
Microsoft Visual Studio Solution File, Format Version 12.00
# Visual Studio Version 16
VisualStudioVersion = 16.0.30907.101
MinimumVisualStudioVersion = 10.0.40219.1
Project("{FAE04EC0-301F-11D3-BF4B-00C04F79EFBC}") = "ConcertTracker", "ConcertTracker\ConcertTracker.csproj", "{51F73B7E-AECC-42E6-ABDE-EFFC47DC185A}"
EndProject
Global
	GlobalSection(SolutionConfigurationPlatforms) = preSolution
		Debug|Any CPU = Debug|Any CPU
		Release|Any CPU = Release|Any CPU
	EndGlobalSection
	GlobalSection(ProjectConfigurationPlatforms) = postSolution
		{51F73B7E-AECC-42E6-ABDE-EFFC47DC185A}.Debug|Any CPU.ActiveCfg = Debug|Any CPU
		{51F73B7E-AECC-42E6-ABDE-EFFC47DC185A}.Debug|Any CPU.Build.0 = Debug|Any CPU
		{51F73B7E-AECC-42E6-ABDE-EFFC47DC185A}.Release|Any CPU.ActiveCfg = Release|Any CPU
		{51F73B7E-AECC-42E6-ABDE-EFFC47DC185A}.Release|Any CPU.Build.0 = Release|Any CPU
	EndGlobalSection
	GlobalSection(SolutionProperties) = preSolution
		HideSolutionNode = FALSE
	EndGlobalSection
	GlobalSection(ExtensibilityGlobals) = postSolution
		SolutionGuid = {2316473C-B714-48CE-A388-F65A2EA813D3}
	EndGlobalSection
EndGlobal
